// !$*UTF8*$!
{
	archiveVersion = 1;
	classes = {
	};
	objectVersion = 50;
	objects = {

/* Begin PBXBuildFile section */
		6A6D67C5CD2D9A4EBCADC6FE /* Pods_BilkentHackathon_iOS.framework in Frameworks */ = {isa = PBXBuildFile; fileRef = EA093CE9F1F73244D05B12DC /* Pods_BilkentHackathon_iOS.framework */; };
		852371B12221ACEE0046FD72 /* GameStateModel.swift in Sources */ = {isa = PBXBuildFile; fileRef = 852371B02221ACEE0046FD72 /* GameStateModel.swift */; };
		852371B32221AE930046FD72 /* UserModel.swift in Sources */ = {isa = PBXBuildFile; fileRef = 852371B22221AE930046FD72 /* UserModel.swift */; };
		852371B52221AFFF0046FD72 /* HomeViewController.swift in Sources */ = {isa = PBXBuildFile; fileRef = 852371B42221AFFF0046FD72 /* HomeViewController.swift */; };
		852371B92221C26B0046FD72 /* CategoriesViewController.swift in Sources */ = {isa = PBXBuildFile; fileRef = 852371B82221C26B0046FD72 /* CategoriesViewController.swift */; };
		8542CCE522219A8200472720 /* SocketIOManager.swift in Sources */ = {isa = PBXBuildFile; fileRef = 8542CCE422219A8200472720 /* SocketIOManager.swift */; };
		85AC8D4F22217A2F00D07142 /* AppDelegate.swift in Sources */ = {isa = PBXBuildFile; fileRef = 85AC8D4E22217A2F00D07142 /* AppDelegate.swift */; };
		85AC8D5122217A2F00D07142 /* QuizViewController.swift in Sources */ = {isa = PBXBuildFile; fileRef = 85AC8D5022217A2F00D07142 /* QuizViewController.swift */; };
		85AC8D5422217A2F00D07142 /* Main.storyboard in Resources */ = {isa = PBXBuildFile; fileRef = 85AC8D5222217A2F00D07142 /* Main.storyboard */; };
		85AC8D5722217A2F00D07142 /* BilkentHackathon_iOS.xcdatamodeld in Sources */ = {isa = PBXBuildFile; fileRef = 85AC8D5522217A2F00D07142 /* BilkentHackathon_iOS.xcdatamodeld */; };
		85AC8D5922217A3000D07142 /* Assets.xcassets in Resources */ = {isa = PBXBuildFile; fileRef = 85AC8D5822217A3000D07142 /* Assets.xcassets */; };
		85AC8D5C22217A3000D07142 /* LaunchScreen.storyboard in Resources */ = {isa = PBXBuildFile; fileRef = 85AC8D5A22217A3000D07142 /* LaunchScreen.storyboard */; };
		85AC8D6722217A3000D07142 /* BilkentHackathon_iOSTests.swift in Sources */ = {isa = PBXBuildFile; fileRef = 85AC8D6622217A3000D07142 /* BilkentHackathon_iOSTests.swift */; };
		85AC8D7222218D1F00D07142 /* QuestionModel.swift in Sources */ = {isa = PBXBuildFile; fileRef = 85AC8D7122218D1F00D07142 /* QuestionModel.swift */; };
		F404134340764221DBBD517A /* Pods_BilkentHackathon_iOSTests.framework in Frameworks */ = {isa = PBXBuildFile; fileRef = 4A2ED22D7B47E792322B3895 /* Pods_BilkentHackathon_iOSTests.framework */; };
/* End PBXBuildFile section */

/* Begin PBXContainerItemProxy section */
		85AC8D6322217A3000D07142 /* PBXContainerItemProxy */ = {
			isa = PBXContainerItemProxy;
			containerPortal = 85AC8D4322217A2E00D07142 /* Project object */;
			proxyType = 1;
			remoteGlobalIDString = 85AC8D4A22217A2F00D07142;
			remoteInfo = BilkentHackathon_iOS;
		};
/* End PBXContainerItemProxy section */

/* Begin PBXFileReference section */
		0CF0D20E95E49CD319CA675C /* Pods-BilkentHackathon_iOS.debug.xcconfig */ = {isa = PBXFileReference; includeInIndex = 1; lastKnownFileType = text.xcconfig; name = "Pods-BilkentHackathon_iOS.debug.xcconfig"; path = "Pods/Target Support Files/Pods-BilkentHackathon_iOS/Pods-BilkentHackathon_iOS.debug.xcconfig"; sourceTree = "<group>"; };
		4468564980EE29B35D4FBB13 /* Pods-BilkentHackathon_iOS.release.xcconfig */ = {isa = PBXFileReference; includeInIndex = 1; lastKnownFileType = text.xcconfig; name = "Pods-BilkentHackathon_iOS.release.xcconfig"; path = "Pods/Target Support Files/Pods-BilkentHackathon_iOS/Pods-BilkentHackathon_iOS.release.xcconfig"; sourceTree = "<group>"; };
		4A2ED22D7B47E792322B3895 /* Pods_BilkentHackathon_iOSTests.framework */ = {isa = PBXFileReference; explicitFileType = wrapper.framework; includeInIndex = 0; path = Pods_BilkentHackathon_iOSTests.framework; sourceTree = BUILT_PRODUCTS_DIR; };
		852371B02221ACEE0046FD72 /* GameStateModel.swift */ = {isa = PBXFileReference; lastKnownFileType = sourcecode.swift; path = GameStateModel.swift; sourceTree = "<group>"; };
		852371B22221AE930046FD72 /* UserModel.swift */ = {isa = PBXFileReference; lastKnownFileType = sourcecode.swift; path = UserModel.swift; sourceTree = "<group>"; };
		852371B42221AFFF0046FD72 /* HomeViewController.swift */ = {isa = PBXFileReference; lastKnownFileType = sourcecode.swift; path = HomeViewController.swift; sourceTree = "<group>"; };
		852371B82221C26B0046FD72 /* CategoriesViewController.swift */ = {isa = PBXFileReference; lastKnownFileType = sourcecode.swift; path = CategoriesViewController.swift; sourceTree = "<group>"; };
		8542CCE422219A8200472720 /* SocketIOManager.swift */ = {isa = PBXFileReference; lastKnownFileType = sourcecode.swift; path = SocketIOManager.swift; sourceTree = "<group>"; };
		85AC8D4B22217A2F00D07142 /* BilkentHackathon_iOS.app */ = {isa = PBXFileReference; explicitFileType = wrapper.application; includeInIndex = 0; path = BilkentHackathon_iOS.app; sourceTree = BUILT_PRODUCTS_DIR; };
		85AC8D4E22217A2F00D07142 /* AppDelegate.swift */ = {isa = PBXFileReference; lastKnownFileType = sourcecode.swift; path = AppDelegate.swift; sourceTree = "<group>"; };
		85AC8D5022217A2F00D07142 /* QuizViewController.swift */ = {isa = PBXFileReference; lastKnownFileType = sourcecode.swift; path = QuizViewController.swift; sourceTree = "<group>"; };
		85AC8D5322217A2F00D07142 /* Base */ = {isa = PBXFileReference; lastKnownFileType = file.storyboard; name = Base; path = Base.lproj/Main.storyboard; sourceTree = "<group>"; };
		85AC8D5622217A2F00D07142 /* BilkentHackathon_iOS.xcdatamodel */ = {isa = PBXFileReference; lastKnownFileType = wrapper.xcdatamodel; path = BilkentHackathon_iOS.xcdatamodel; sourceTree = "<group>"; };
		85AC8D5822217A3000D07142 /* Assets.xcassets */ = {isa = PBXFileReference; lastKnownFileType = folder.assetcatalog; path = Assets.xcassets; sourceTree = "<group>"; };
		85AC8D5B22217A3000D07142 /* Base */ = {isa = PBXFileReference; lastKnownFileType = file.storyboard; name = Base; path = Base.lproj/LaunchScreen.storyboard; sourceTree = "<group>"; };
		85AC8D5D22217A3000D07142 /* Info.plist */ = {isa = PBXFileReference; lastKnownFileType = text.plist.xml; path = Info.plist; sourceTree = "<group>"; };
		85AC8D6222217A3000D07142 /* BilkentHackathon_iOSTests.xctest */ = {isa = PBXFileReference; explicitFileType = wrapper.cfbundle; includeInIndex = 0; path = BilkentHackathon_iOSTests.xctest; sourceTree = BUILT_PRODUCTS_DIR; };
		85AC8D6622217A3000D07142 /* BilkentHackathon_iOSTests.swift */ = {isa = PBXFileReference; lastKnownFileType = sourcecode.swift; path = BilkentHackathon_iOSTests.swift; sourceTree = "<group>"; };
		85AC8D6822217A3000D07142 /* Info.plist */ = {isa = PBXFileReference; lastKnownFileType = text.plist.xml; path = Info.plist; sourceTree = "<group>"; };
		85AC8D7122218D1F00D07142 /* QuestionModel.swift */ = {isa = PBXFileReference; lastKnownFileType = sourcecode.swift; path = QuestionModel.swift; sourceTree = "<group>"; };
		A41C360D9B1698C0A1EEB9F7 /* Pods-BilkentHackathon_iOSTests.release.xcconfig */ = {isa = PBXFileReference; includeInIndex = 1; lastKnownFileType = text.xcconfig; name = "Pods-BilkentHackathon_iOSTests.release.xcconfig"; path = "Pods/Target Support Files/Pods-BilkentHackathon_iOSTests/Pods-BilkentHackathon_iOSTests.release.xcconfig"; sourceTree = "<group>"; };
		B3FA8D2DE49F3A5D86082CB5 /* Pods-BilkentHackathon_iOSTests.debug.xcconfig */ = {isa = PBXFileReference; includeInIndex = 1; lastKnownFileType = text.xcconfig; name = "Pods-BilkentHackathon_iOSTests.debug.xcconfig"; path = "Pods/Target Support Files/Pods-BilkentHackathon_iOSTests/Pods-BilkentHackathon_iOSTests.debug.xcconfig"; sourceTree = "<group>"; };
		EA093CE9F1F73244D05B12DC /* Pods_BilkentHackathon_iOS.framework */ = {isa = PBXFileReference; explicitFileType = wrapper.framework; includeInIndex = 0; path = Pods_BilkentHackathon_iOS.framework; sourceTree = BUILT_PRODUCTS_DIR; };
/* End PBXFileReference section */

/* Begin PBXFrameworksBuildPhase section */
		85AC8D4822217A2F00D07142 /* Frameworks */ = {
			isa = PBXFrameworksBuildPhase;
			buildActionMask = 2147483647;
			files = (
				6A6D67C5CD2D9A4EBCADC6FE /* Pods_BilkentHackathon_iOS.framework in Frameworks */,
			);
			runOnlyForDeploymentPostprocessing = 0;
		};
		85AC8D5F22217A3000D07142 /* Frameworks */ = {
			isa = PBXFrameworksBuildPhase;
			buildActionMask = 2147483647;
			files = (
				F404134340764221DBBD517A /* Pods_BilkentHackathon_iOSTests.framework in Frameworks */,
			);
			runOnlyForDeploymentPostprocessing = 0;
		};
/* End PBXFrameworksBuildPhase section */

/* Begin PBXGroup section */
		7B7DD2D6D83CA9F9AB9C71A2 /* Frameworks */ = {
			isa = PBXGroup;
			children = (
				EA093CE9F1F73244D05B12DC /* Pods_BilkentHackathon_iOS.framework */,
				4A2ED22D7B47E792322B3895 /* Pods_BilkentHackathon_iOSTests.framework */,
			);
			name = Frameworks;
			sourceTree = "<group>";
		};
		852371AE2221ACBC0046FD72 /* Models */ = {
			isa = PBXGroup;
			children = (
				85AC8D7122218D1F00D07142 /* QuestionModel.swift */,
				852371B22221AE930046FD72 /* UserModel.swift */,
				852371B02221ACEE0046FD72 /* GameStateModel.swift */,
			);
			path = Models;
			sourceTree = "<group>";
		};
		852371AF2221ACCC0046FD72 /* ViewControllers */ = {
			isa = PBXGroup;
			children = (
				85AC8D5022217A2F00D07142 /* QuizViewController.swift */,
				852371B82221C26B0046FD72 /* CategoriesViewController.swift */,
				852371B42221AFFF0046FD72 /* HomeViewController.swift */,
			);
			path = ViewControllers;
			sourceTree = "<group>";
		};
		85AC8D4222217A2E00D07142 = {
			isa = PBXGroup;
			children = (
				85AC8D4D22217A2F00D07142 /* BilkentHackathon_iOS */,
				85AC8D6522217A3000D07142 /* BilkentHackathon_iOSTests */,
				85AC8D4C22217A2F00D07142 /* Products */,
				BBEAC193644BD2D87718235A /* Pods */,
				7B7DD2D6D83CA9F9AB9C71A2 /* Frameworks */,
			);
			sourceTree = "<group>";
		};
		85AC8D4C22217A2F00D07142 /* Products */ = {
			isa = PBXGroup;
			children = (
				85AC8D4B22217A2F00D07142 /* BilkentHackathon_iOS.app */,
				85AC8D6222217A3000D07142 /* BilkentHackathon_iOSTests.xctest */,
			);
			name = Products;
			sourceTree = "<group>";
		};
		85AC8D4D22217A2F00D07142 /* BilkentHackathon_iOS */ = {
			isa = PBXGroup;
			children = (
				852371AE2221ACBC0046FD72 /* Models */,
				852371AF2221ACCC0046FD72 /* ViewControllers */,
				85AC8D4E22217A2F00D07142 /* AppDelegate.swift */,
				85AC8D5222217A2F00D07142 /* Main.storyboard */,
				85AC8D5822217A3000D07142 /* Assets.xcassets */,
				8542CCE422219A8200472720 /* SocketIOManager.swift */,
				85AC8D5A22217A3000D07142 /* LaunchScreen.storyboard */,
				85AC8D5D22217A3000D07142 /* Info.plist */,
				85AC8D5522217A2F00D07142 /* BilkentHackathon_iOS.xcdatamodeld */,
			);
			path = BilkentHackathon_iOS;
			sourceTree = "<group>";
		};
		85AC8D6522217A3000D07142 /* BilkentHackathon_iOSTests */ = {
			isa = PBXGroup;
			children = (
				85AC8D6622217A3000D07142 /* BilkentHackathon_iOSTests.swift */,
				85AC8D6822217A3000D07142 /* Info.plist */,
			);
			path = BilkentHackathon_iOSTests;
			sourceTree = "<group>";
		};
		BBEAC193644BD2D87718235A /* Pods */ = {
			isa = PBXGroup;
			children = (
				0CF0D20E95E49CD319CA675C /* Pods-BilkentHackathon_iOS.debug.xcconfig */,
				4468564980EE29B35D4FBB13 /* Pods-BilkentHackathon_iOS.release.xcconfig */,
				B3FA8D2DE49F3A5D86082CB5 /* Pods-BilkentHackathon_iOSTests.debug.xcconfig */,
				A41C360D9B1698C0A1EEB9F7 /* Pods-BilkentHackathon_iOSTests.release.xcconfig */,
			);
			name = Pods;
			sourceTree = "<group>";
		};
/* End PBXGroup section */

/* Begin PBXNativeTarget section */
		85AC8D4A22217A2F00D07142 /* BilkentHackathon_iOS */ = {
			isa = PBXNativeTarget;
			buildConfigurationList = 85AC8D6B22217A3000D07142 /* Build configuration list for PBXNativeTarget "BilkentHackathon_iOS" */;
			buildPhases = (
				1BD05CAA32ECCB8B8F1E81DF /* [CP] Check Pods Manifest.lock */,
				85AC8D4722217A2F00D07142 /* Sources */,
				85AC8D4822217A2F00D07142 /* Frameworks */,
				85AC8D4922217A2F00D07142 /* Resources */,
				4F750449089C26C57D2FB45B /* [CP] Embed Pods Frameworks */,
			);
			buildRules = (
			);
			dependencies = (
			);
			name = BilkentHackathon_iOS;
			productName = BilkentHackathon_iOS;
			productReference = 85AC8D4B22217A2F00D07142 /* BilkentHackathon_iOS.app */;
			productType = "com.apple.product-type.application";
		};
		85AC8D6122217A3000D07142 /* BilkentHackathon_iOSTests */ = {
			isa = PBXNativeTarget;
			buildConfigurationList = 85AC8D6E22217A3000D07142 /* Build configuration list for PBXNativeTarget "BilkentHackathon_iOSTests" */;
			buildPhases = (
				1D1D1B19B994F0FE3FD45C77 /* [CP] Check Pods Manifest.lock */,
				85AC8D5E22217A3000D07142 /* Sources */,
				85AC8D5F22217A3000D07142 /* Frameworks */,
				85AC8D6022217A3000D07142 /* Resources */,
			);
			buildRules = (
			);
			dependencies = (
				85AC8D6422217A3000D07142 /* PBXTargetDependency */,
			);
			name = BilkentHackathon_iOSTests;
			productName = BilkentHackathon_iOSTests;
			productReference = 85AC8D6222217A3000D07142 /* BilkentHackathon_iOSTests.xctest */;
			productType = "com.apple.product-type.bundle.unit-test";
		};
/* End PBXNativeTarget section */

/* Begin PBXProject section */
		85AC8D4322217A2E00D07142 /* Project object */ = {
			isa = PBXProject;
			attributes = {
				LastSwiftUpdateCheck = 1010;
				LastUpgradeCheck = 1010;
				ORGANIZATIONNAME = mmuazekici;
				TargetAttributes = {
					85AC8D4A22217A2F00D07142 = {
						CreatedOnToolsVersion = 10.1;
					};
					85AC8D6122217A3000D07142 = {
						CreatedOnToolsVersion = 10.1;
						TestTargetID = 85AC8D4A22217A2F00D07142;
					};
				};
			};
			buildConfigurationList = 85AC8D4622217A2E00D07142 /* Build configuration list for PBXProject "BilkentHackathon_iOS" */;
			compatibilityVersion = "Xcode 9.3";
			developmentRegion = en;
			hasScannedForEncodings = 0;
			knownRegions = (
				en,
				Base,
			);
			mainGroup = 85AC8D4222217A2E00D07142;
			productRefGroup = 85AC8D4C22217A2F00D07142 /* Products */;
			projectDirPath = "";
			projectRoot = "";
			targets = (
				85AC8D4A22217A2F00D07142 /* BilkentHackathon_iOS */,
				85AC8D6122217A3000D07142 /* BilkentHackathon_iOSTests */,
			);
		};
/* End PBXProject section */

/* Begin PBXResourcesBuildPhase section */
		85AC8D4922217A2F00D07142 /* Resources */ = {
			isa = PBXResourcesBuildPhase;
			buildActionMask = 2147483647;
			files = (
				85AC8D5C22217A3000D07142 /* LaunchScreen.storyboard in Resources */,
				85AC8D5922217A3000D07142 /* Assets.xcassets in Resources */,
				85AC8D5422217A2F00D07142 /* Main.storyboard in Resources */,
			);
			runOnlyForDeploymentPostprocessing = 0;
		};
		85AC8D6022217A3000D07142 /* Resources */ = {
			isa = PBXResourcesBuildPhase;
			buildActionMask = 2147483647;
			files = (
			);
			runOnlyForDeploymentPostprocessing = 0;
		};
/* End PBXResourcesBuildPhase section */

/* Begin PBXShellScriptBuildPhase section */
		1BD05CAA32ECCB8B8F1E81DF /* [CP] Check Pods Manifest.lock */ = {
			isa = PBXShellScriptBuildPhase;
			buildActionMask = 2147483647;
			files = (
			);
			inputPaths = (
				"${PODS_PODFILE_DIR_PATH}/Podfile.lock",
				"${PODS_ROOT}/Manifest.lock",
			);
			name = "[CP] Check Pods Manifest.lock";
			outputPaths = (
				"$(DERIVED_FILE_DIR)/Pods-BilkentHackathon_iOS-checkManifestLockResult.txt",
			);
			runOnlyForDeploymentPostprocessing = 0;
			shellPath = /bin/sh;
			shellScript = "diff \"${PODS_PODFILE_DIR_PATH}/Podfile.lock\" \"${PODS_ROOT}/Manifest.lock\" > /dev/null\nif [ $? != 0 ] ; then\n    # print error to STDERR\n    echo \"error: The sandbox is not in sync with the Podfile.lock. Run 'pod install' or update your CocoaPods installation.\" >&2\n    exit 1\nfi\n# This output is used by Xcode 'outputs' to avoid re-running this script phase.\necho \"SUCCESS\" > \"${SCRIPT_OUTPUT_FILE_0}\"\n";
			showEnvVarsInLog = 0;
		};
		1D1D1B19B994F0FE3FD45C77 /* [CP] Check Pods Manifest.lock */ = {
			isa = PBXShellScriptBuildPhase;
			buildActionMask = 2147483647;
			files = (
			);
			inputPaths = (
				"${PODS_PODFILE_DIR_PATH}/Podfile.lock",
				"${PODS_ROOT}/Manifest.lock",
			);
			name = "[CP] Check Pods Manifest.lock";
			outputPaths = (
				"$(DERIVED_FILE_DIR)/Pods-BilkentHackathon_iOSTests-checkManifestLockResult.txt",
			);
			runOnlyForDeploymentPostprocessing = 0;
			shellPath = /bin/sh;
			shellScript = "diff \"${PODS_PODFILE_DIR_PATH}/Podfile.lock\" \"${PODS_ROOT}/Manifest.lock\" > /dev/null\nif [ $? != 0 ] ; then\n    # print error to STDERR\n    echo \"error: The sandbox is not in sync with the Podfile.lock. Run 'pod install' or update your CocoaPods installation.\" >&2\n    exit 1\nfi\n# This output is used by Xcode 'outputs' to avoid re-running this script phase.\necho \"SUCCESS\" > \"${SCRIPT_OUTPUT_FILE_0}\"\n";
			showEnvVarsInLog = 0;
		};
		4F750449089C26C57D2FB45B /* [CP] Embed Pods Frameworks */ = {
			isa = PBXShellScriptBuildPhase;
			buildActionMask = 2147483647;
			files = (
			);
			inputPaths = (
				"${SRCROOT}/Pods/Target Support Files/Pods-BilkentHackathon_iOS/Pods-BilkentHackathon_iOS-frameworks.sh",
				"${BUILT_PRODUCTS_DIR}/Socket.IO-Client-Swift/SocketIO.framework",
				"${BUILT_PRODUCTS_DIR}/Starscream/Starscream.framework",
				"${BUILT_PRODUCTS_DIR}/SwiftyJSON/SwiftyJSON.framework",
			);
			name = "[CP] Embed Pods Frameworks";
			outputPaths = (
				"${TARGET_BUILD_DIR}/${FRAMEWORKS_FOLDER_PATH}/SocketIO.framework",
				"${TARGET_BUILD_DIR}/${FRAMEWORKS_FOLDER_PATH}/Starscream.framework",
				"${TARGET_BUILD_DIR}/${FRAMEWORKS_FOLDER_PATH}/SwiftyJSON.framework",
			);
			runOnlyForDeploymentPostprocessing = 0;
			shellPath = /bin/sh;
			shellScript = "\"${SRCROOT}/Pods/Target Support Files/Pods-BilkentHackathon_iOS/Pods-BilkentHackathon_iOS-frameworks.sh\"\n";
			showEnvVarsInLog = 0;
		};
/* End PBXShellScriptBuildPhase section */

/* Begin PBXSourcesBuildPhase section */
		85AC8D4722217A2F00D07142 /* Sources */ = {
			isa = PBXSourcesBuildPhase;
			buildActionMask = 2147483647;
			files = (
				85AC8D5722217A2F00D07142 /* BilkentHackathon_iOS.xcdatamodeld in Sources */,
				852371B32221AE930046FD72 /* UserModel.swift in Sources */,
				852371B92221C26B0046FD72 /* CategoriesViewController.swift in Sources */,
				8542CCE522219A8200472720 /* SocketIOManager.swift in Sources */,
				852371B52221AFFF0046FD72 /* HomeViewController.swift in Sources */,
				85AC8D5122217A2F00D07142 /* QuizViewController.swift in Sources */,
				85AC8D4F22217A2F00D07142 /* AppDelegate.swift in Sources */,
				85AC8D7222218D1F00D07142 /* QuestionModel.swift in Sources */,
				852371B12221ACEE0046FD72 /* GameStateModel.swift in Sources */,
			);
			runOnlyForDeploymentPostprocessing = 0;
		};
		85AC8D5E22217A3000D07142 /* Sources */ = {
			isa = PBXSourcesBuildPhase;
			buildActionMask = 2147483647;
			files = (
				85AC8D6722217A3000D07142 /* BilkentHackathon_iOSTests.swift in Sources */,
			);
			runOnlyForDeploymentPostprocessing = 0;
		};
/* End PBXSourcesBuildPhase section */

/* Begin PBXTargetDependency section */
		85AC8D6422217A3000D07142 /* PBXTargetDependency */ = {
			isa = PBXTargetDependency;
			target = 85AC8D4A22217A2F00D07142 /* BilkentHackathon_iOS */;
			targetProxy = 85AC8D6322217A3000D07142 /* PBXContainerItemProxy */;
		};
/* End PBXTargetDependency section */

/* Begin PBXVariantGroup section */
		85AC8D5222217A2F00D07142 /* Main.storyboard */ = {
			isa = PBXVariantGroup;
			children = (
				85AC8D5322217A2F00D07142 /* Base */,
			);
			name = Main.storyboard;
			sourceTree = "<group>";
		};
		85AC8D5A22217A3000D07142 /* LaunchScreen.storyboard */ = {
			isa = PBXVariantGroup;
			children = (
				85AC8D5B22217A3000D07142 /* Base */,
			);
			name = LaunchScreen.storyboard;
			sourceTree = "<group>";
		};
/* End PBXVariantGroup section */

/* Begin XCBuildConfiguration section */
		85AC8D6922217A3000D07142 /* Debug */ = {
			isa = XCBuildConfiguration;
			buildSettings = {
				ALWAYS_SEARCH_USER_PATHS = NO;
				CLANG_ANALYZER_NONNULL = YES;
				CLANG_ANALYZER_NUMBER_OBJECT_CONVERSION = YES_AGGRESSIVE;
				CLANG_CXX_LANGUAGE_STANDARD = "gnu++14";
				CLANG_CXX_LIBRARY = "libc++";
				CLANG_ENABLE_MODULES = YES;
				CLANG_ENABLE_OBJC_ARC = YES;
				CLANG_ENABLE_OBJC_WEAK = YES;
				CLANG_WARN_BLOCK_CAPTURE_AUTORELEASING = YES;
				CLANG_WARN_BOOL_CONVERSION = YES;
				CLANG_WARN_COMMA = YES;
				CLANG_WARN_CONSTANT_CONVERSION = YES;
				CLANG_WARN_DEPRECATED_OBJC_IMPLEMENTATIONS = YES;
				CLANG_WARN_DIRECT_OBJC_ISA_USAGE = YES_ERROR;
				CLANG_WARN_DOCUMENTATION_COMMENTS = YES;
				CLANG_WARN_EMPTY_BODY = YES;
				CLANG_WARN_ENUM_CONVERSION = YES;
				CLANG_WARN_INFINITE_RECURSION = YES;
				CLANG_WARN_INT_CONVERSION = YES;
				CLANG_WARN_NON_LITERAL_NULL_CONVERSION = YES;
				CLANG_WARN_OBJC_IMPLICIT_RETAIN_SELF = YES;
				CLANG_WARN_OBJC_LITERAL_CONVERSION = YES;
				CLANG_WARN_OBJC_ROOT_CLASS = YES_ERROR;
				CLANG_WARN_RANGE_LOOP_ANALYSIS = YES;
				CLANG_WARN_STRICT_PROTOTYPES = YES;
				CLANG_WARN_SUSPICIOUS_MOVE = YES;
				CLANG_WARN_UNGUARDED_AVAILABILITY = YES_AGGRESSIVE;
				CLANG_WARN_UNREACHABLE_CODE = YES;
				CLANG_WARN__DUPLICATE_METHOD_MATCH = YES;
				CODE_SIGN_IDENTITY = "iPhone Developer";
				COPY_PHASE_STRIP = NO;
				DEBUG_INFORMATION_FORMAT = dwarf;
				ENABLE_STRICT_OBJC_MSGSEND = YES;
				ENABLE_TESTABILITY = YES;
				GCC_C_LANGUAGE_STANDARD = gnu11;
				GCC_DYNAMIC_NO_PIC = NO;
				GCC_NO_COMMON_BLOCKS = YES;
				GCC_OPTIMIZATION_LEVEL = 0;
				GCC_PREPROCESSOR_DEFINITIONS = (
					"DEBUG=1",
					"$(inherited)",
				);
				GCC_WARN_64_TO_32_BIT_CONVERSION = YES;
				GCC_WARN_ABOUT_RETURN_TYPE = YES_ERROR;
				GCC_WARN_UNDECLARED_SELECTOR = YES;
				GCC_WARN_UNINITIALIZED_AUTOS = YES_AGGRESSIVE;
				GCC_WARN_UNUSED_FUNCTION = YES;
				GCC_WARN_UNUSED_VARIABLE = YES;
				IPHONEOS_DEPLOYMENT_TARGET = 12.1;
				MTL_ENABLE_DEBUG_INFO = INCLUDE_SOURCE;
				MTL_FAST_MATH = YES;
				ONLY_ACTIVE_ARCH = YES;
				SDKROOT = iphoneos;
				SWIFT_ACTIVE_COMPILATION_CONDITIONS = DEBUG;
				SWIFT_OPTIMIZATION_LEVEL = "-Onone";
			};
			name = Debug;
		};
		85AC8D6A22217A3000D07142 /* Release */ = {
			isa = XCBuildConfiguration;
			buildSettings = {
				ALWAYS_SEARCH_USER_PATHS = NO;
				CLANG_ANALYZER_NONNULL = YES;
				CLANG_ANALYZER_NUMBER_OBJECT_CONVERSION = YES_AGGRESSIVE;
				CLANG_CXX_LANGUAGE_STANDARD = "gnu++14";
				CLANG_CXX_LIBRARY = "libc++";
				CLANG_ENABLE_MODULES = YES;
				CLANG_ENABLE_OBJC_ARC = YES;
				CLANG_ENABLE_OBJC_WEAK = YES;
				CLANG_WARN_BLOCK_CAPTURE_AUTORELEASING = YES;
				CLANG_WARN_BOOL_CONVERSION = YES;
				CLANG_WARN_COMMA = YES;
				CLANG_WARN_CONSTANT_CONVERSION = YES;
				CLANG_WARN_DEPRECATED_OBJC_IMPLEMENTATIONS = YES;
				CLANG_WARN_DIRECT_OBJC_ISA_USAGE = YES_ERROR;
				CLANG_WARN_DOCUMENTATION_COMMENTS = YES;
				CLANG_WARN_EMPTY_BODY = YES;
				CLANG_WARN_ENUM_CONVERSION = YES;
				CLANG_WARN_INFINITE_RECURSION = YES;
				CLANG_WARN_INT_CONVERSION = YES;
				CLANG_WARN_NON_LITERAL_NULL_CONVERSION = YES;
				CLANG_WARN_OBJC_IMPLICIT_RETAIN_SELF = YES;
				CLANG_WARN_OBJC_LITERAL_CONVERSION = YES;
				CLANG_WARN_OBJC_ROOT_CLASS = YES_ERROR;
				CLANG_WARN_RANGE_LOOP_ANALYSIS = YES;
				CLANG_WARN_STRICT_PROTOTYPES = YES;
				CLANG_WARN_SUSPICIOUS_MOVE = YES;
				CLANG_WARN_UNGUARDED_AVAILABILITY = YES_AGGRESSIVE;
				CLANG_WARN_UNREACHABLE_CODE = YES;
				CLANG_WARN__DUPLICATE_METHOD_MATCH = YES;
				CODE_SIGN_IDENTITY = "iPhone Developer";
				COPY_PHASE_STRIP = NO;
				DEBUG_INFORMATION_FORMAT = "dwarf-with-dsym";
				ENABLE_NS_ASSERTIONS = NO;
				ENABLE_STRICT_OBJC_MSGSEND = YES;
				GCC_C_LANGUAGE_STANDARD = gnu11;
				GCC_NO_COMMON_BLOCKS = YES;
				GCC_WARN_64_TO_32_BIT_CONVERSION = YES;
				GCC_WARN_ABOUT_RETURN_TYPE = YES_ERROR;
				GCC_WARN_UNDECLARED_SELECTOR = YES;
				GCC_WARN_UNINITIALIZED_AUTOS = YES_AGGRESSIVE;
				GCC_WARN_UNUSED_FUNCTION = YES;
				GCC_WARN_UNUSED_VARIABLE = YES;
				IPHONEOS_DEPLOYMENT_TARGET = 12.1;
				MTL_ENABLE_DEBUG_INFO = NO;
				MTL_FAST_MATH = YES;
				SDKROOT = iphoneos;
				SWIFT_COMPILATION_MODE = wholemodule;
				SWIFT_OPTIMIZATION_LEVEL = "-O";
				VALIDATE_PRODUCT = YES;
			};
			name = Release;
		};
		85AC8D6C22217A3000D07142 /* Debug */ = {
			isa = XCBuildConfiguration;
			baseConfigurationReference = 0CF0D20E95E49CD319CA675C /* Pods-BilkentHackathon_iOS.debug.xcconfig */;
			buildSettings = {
				ASSETCATALOG_COMPILER_APPICON_NAME = AppIcon;
				CODE_SIGN_STYLE = Automatic;
				DEVELOPMENT_TEAM = 4Y7HE698XG;
				INFOPLIST_FILE = BilkentHackathon_iOS/Info.plist;
				LD_RUNPATH_SEARCH_PATHS = (
					"$(inherited)",
					"@executable_path/Frameworks",
				);
				PRODUCT_BUNDLE_IDENTIFIER = "com.mmuazekici.BilkentHackathon-iOS";
				PRODUCT_NAME = "$(TARGET_NAME)";
				SWIFT_VERSION = 4.2;
				TARGETED_DEVICE_FAMILY = "1,2";
			};
			name = Debug;
		};
		85AC8D6D22217A3000D07142 /* Release */ = {
			isa = XCBuildConfiguration;
			baseConfigurationReference = 4468564980EE29B35D4FBB13 /* Pods-BilkentHackathon_iOS.release.xcconfig */;
			buildSettings = {
				ASSETCATALOG_COMPILER_APPICON_NAME = AppIcon;
				CODE_SIGN_STYLE = Automatic;
				DEVELOPMENT_TEAM = 4Y7HE698XG;
				INFOPLIST_FILE = BilkentHackathon_iOS/Info.plist;
				LD_RUNPATH_SEARCH_PATHS = (
					"$(inherited)",
					"@executable_path/Frameworks",
				);
				PRODUCT_BUNDLE_IDENTIFIER = "com.mmuazekici.BilkentHackathon-iOS";
				PRODUCT_NAME = "$(TARGET_NAME)";
				SWIFT_VERSION = 4.2;
				TARGETED_DEVICE_FAMILY = "1,2";
			};
			name = Release;
		};
		85AC8D6F22217A3000D07142 /* Debug */ = {
			isa = XCBuildConfiguration;
			baseConfigurationReference = B3FA8D2DE49F3A5D86082CB5 /* Pods-BilkentHackathon_iOSTests.debug.xcconfig */;
			buildSettings = {
				ALWAYS_EMBED_SWIFT_STANDARD_LIBRARIES = YES;
				BUNDLE_LOADER = "$(TEST_HOST)";
				CODE_SIGN_STYLE = Automatic;
				DEVELOPMENT_TEAM = 4Y7HE698XG;
				INFOPLIST_FILE = BilkentHackathon_iOSTests/Info.plist;
				LD_RUNPATH_SEARCH_PATHS = (
					"$(inherited)",
					"@executable_path/Frameworks",
					"@loader_path/Frameworks",
				);
				PRODUCT_BUNDLE_IDENTIFIER = "com.mmuazekici.BilkentHackathon-iOSTests";
				PRODUCT_NAME = "$(TARGET_NAME)";
				SWIFT_VERSION = 4.2;
				TARGETED_DEVICE_FAMILY = "1,2";
				TEST_HOST = "$(BUILT_PRODUCTS_DIR)/BilkentHackathon_iOS.app/BilkentHackathon_iOS";
			};
			name = Debug;
		};
		85AC8D7022217A3000D07142 /* Release */ = {
			isa = XCBuildConfiguration;
			baseConfigurationReference = A41C360D9B1698C0A1EEB9F7 /* Pods-BilkentHackathon_iOSTests.release.xcconfig */;
			buildSettings = {
				ALWAYS_EMBED_SWIFT_STANDARD_LIBRARIES = YES;
				BUNDLE_LOADER = "$(TEST_HOST)";
				CODE_SIGN_STYLE = Automatic;
				DEVELOPMENT_TEAM = 4Y7HE698XG;
				INFOPLIST_FILE = BilkentHackathon_iOSTests/Info.plist;
				LD_RUNPATH_SEARCH_PATHS = (
					"$(inherited)",
					"@executable_path/Frameworks",
					"@loader_path/Frameworks",
				);
				PRODUCT_BUNDLE_IDENTIFIER = "com.mmuazekici.BilkentHackathon-iOSTests";
				PRODUCT_NAME = "$(TARGET_NAME)";
				SWIFT_VERSION = 4.2;
				TARGETED_DEVICE_FAMILY = "1,2";
				TEST_HOST = "$(BUILT_PRODUCTS_DIR)/BilkentHackathon_iOS.app/BilkentHackathon_iOS";
			};
			name = Release;
		};
/* End XCBuildConfiguration section */

/* Begin XCConfigurationList section */
		85AC8D4622217A2E00D07142 /* Build configuration list for PBXProject "BilkentHackathon_iOS" */ = {
			isa = XCConfigurationList;
			buildConfigurations = (
				85AC8D6922217A3000D07142 /* Debug */,
				85AC8D6A22217A3000D07142 /* Release */,
			);
			defaultConfigurationIsVisible = 0;
			defaultConfigurationName = Release;
		};
		85AC8D6B22217A3000D07142 /* Build configuration list for PBXNativeTarget "BilkentHackathon_iOS" */ = {
			isa = XCConfigurationList;
			buildConfigurations = (
				85AC8D6C22217A3000D07142 /* Debug */,
				85AC8D6D22217A3000D07142 /* Release */,
			);
			defaultConfigurationIsVisible = 0;
			defaultConfigurationName = Release;
		};
		85AC8D6E22217A3000D07142 /* Build configuration list for PBXNativeTarget "BilkentHackathon_iOSTests" */ = {
			isa = XCConfigurationList;
			buildConfigurations = (
				85AC8D6F22217A3000D07142 /* Debug */,
				85AC8D7022217A3000D07142 /* Release */,
			);
			defaultConfigurationIsVisible = 0;
			defaultConfigurationName = Release;
		};
/* End XCConfigurationList section */

/* Begin XCVersionGroup section */
		85AC8D5522217A2F00D07142 /* BilkentHackathon_iOS.xcdatamodeld */ = {
			isa = XCVersionGroup;
			children = (
				85AC8D5622217A2F00D07142 /* BilkentHackathon_iOS.xcdatamodel */,
			);
			currentVersion = 85AC8D5622217A2F00D07142 /* BilkentHackathon_iOS.xcdatamodel */;
			path = BilkentHackathon_iOS.xcdatamodeld;
			sourceTree = "<group>";
			versionGroupType = wrapper.xcdatamodel;
		};
/* End XCVersionGroup section */
	};
	rootObject = 85AC8D4322217A2E00D07142 /* Project object */;
}
